github.com/agtorre/gocolorize v1.0.0 h1:TvGQd+fAqWQlDjQxSKe//Y6RaxK+RHpEU9X/zPmHW50=
github.com/agtorre/gocolorize v1.0.0/go.mod h1:cH6imfTkHVBRJhSOeSeEZhB4zqEYSq0sXuIyehgZMIY=
rsc.io/sqlite v1.0.0 h1:zUGL/JDeFfblrma2rToXG+fUsGZe+CShUHI3KlUNwQc=
rsc.io/sqlite v1.0.0/go.mod h1:bRoHdqsJCgrcQDvBeCS454l4kLoFAQKHdwfwpoweIOo=
